{
  "nodes": {
    "nixpkgs": {
      "locked": {
        "lastModified": 1771008912,
        "narHash": "sha256-gf2AmWVTs8lEq7z/3ZAsgnZDhWIckkb+ZnAo5RzSxJg=",
        "owner": "NixOS",
        "repo": "nixpkgs",
        "rev": "a82ccc39b39b621151d6732718e3e250109076fa",
        "type": "github"
      },
      "original": {
        "owner": "NixOS",
        "ref": "nixos-unstable",
        "repo": "nixpkgs",
        "type": "github"
      }
    },
    "openclaw-src": {
      "flake": false,
      "locked": {
        "lastModified": 1771113107,
        "narHash": "sha256-Oml0N0pBDccOOh5A54cVsEIqmEpZUeYCjSE/7+yeunw=",
        "owner": "openclaw",
        "repo": "openclaw",
        "rev": "096a7a571d04fa0d7f19aa09ce7bdf0103371d69",
        "type": "github"
      },
      "original": {
        "owner": "openclaw",
        "repo": "openclaw",
        "type": "github"
      }
    },
    "root": {
      "inputs": {
        "nixpkgs": "nixpkgs",
        "openclaw-src": "openclaw-src"
      }
    }
  },
  "root": "root",
  "version": 7
}
